
Microsoft Visual Studio Solution File, Format Version 12.00
# Visual Studio Version 16
VisualStudioVersion = 16.0.29411.108
MinimumVisualStudioVersion = 10.0.40219.1
Project("{FAE04EC0-301F-11D3-BF4B-00C04F79EFBC}") = "Analizator", "Analizator.csproj", "{41151230-75EA-45F4-89D9-20DE9532DCD8}"
EndProject
Global
	GlobalSection(SolutionConfigurationPlatforms) = preSolution
		Debug|Any CPU = Debug|Any CPU
		Release|Any CPU = Release|Any CPU
	EndGlobalSection
	GlobalSection(ProjectConfigurationPlatforms) = postSolution
		{41151230-75EA-45F4-89D9-20DE9532DCD8}.Debug|Any CPU.ActiveCfg = Debug|Any CPU
		{41151230-75EA-45F4-89D9-20DE9532DCD8}.Debug|Any CPU.Build.0 = Debug|Any CPU
		{41151230-75EA-45F4-89D9-20DE9532DCD8}.Release|Any CPU.ActiveCfg = Release|Any CPU
		{41151230-75EA-45F4-89D9-20DE9532DCD8}.Release|Any CPU.Build.0 = Release|Any CPU
	EndGlobalSection
	GlobalSection(SolutionProperties) = preSolution
		HideSolutionNode = FALSE
	EndGlobalSection
	GlobalSection(ExtensibilityGlobals) = postSolution
		SolutionGuid = {6FA05380-16B2-41B8-B6C2-4B983CC58F04}
	EndGlobalSection
EndGlobal
